{
    "name": "mmm-simplekeyboard",
    "version": "1.4.0",
    "lockfileVersion": 2,
    "requires": true,
    "packages": {
        "": {
            "name": "mmm-simplekeyboard",
            "version": "1.4.0",
            "license": "MIT",
            "dependencies": {
                "simple-keyboard": "latest"
            }
        },
        "node_modules/simple-keyboard": {
            "version": "3.8.70",
            "resolved": "https://registry.npmjs.org/simple-keyboard/-/simple-keyboard-3.8.70.tgz",
            "integrity": "sha512-D61Ff/Gz6Loy1KIL45aPVskLR2efQ1YLNeaOU9GJbRsoDDkfF2zdfLuaZMyPrJ0pEvdTeiv623M1RoWlu1l3hw==",
            "license": "MIT"
        }
    },
    "dependencies": {
        "simple-keyboard": {
            "version": "3.8.70",
            "resolved": "https://registry.npmjs.org/simple-keyboard/-/simple-keyboard-3.8.70.tgz",
            "integrity": "sha512-D61Ff/Gz6Loy1KIL45aPVskLR2efQ1YLNeaOU9GJbRsoDDkfF2zdfLuaZMyPrJ0pEvdTeiv623M1RoWlu1l3hw=="
        }
    }
}
